name: Lock Main Branch
on: workflow_dispatch

jobs:
  lock_branch:
    runs-on: ubuntu-latest
    steps:
      - name: Lock Main Branch
        uses: actions/github-script@v4
        with:
          github-token: ${{ secrets.GITHUB_TOKEN }}
          script: |
            const { data: branch } = await github.rest.repos.getBranch({
              owner: context.repo.owner,
              repo: context.repo.repo,
              branch: 'main',
            });
            await github.rest.repos.updateBranchProtection({
              owner: context.repo.owner,
              repo: context.repo.repo,
              branch: 'main',
              enforce_admins: true,
              required_pull_request_reviews: {
                required_approving_review_count: 1,
              },
              restrictions: null,
            });
